
Microsoft Visual Studio Solution File, Format Version 12.00
# Visual Studio Version 17
VisualStudioVersion = 17.8.34330.188
MinimumVisualStudioVersion = 10.0.40219.1
Project("{9A19103F-16F7-4668-BE54-9A1E7A4F7556}") = "AOC2023", "2023\AOC2023.csproj", "{BDCCAD6E-8E5D-470F-B9B8-7B2CC98611F3}"
EndProject
Project("{9A19103F-16F7-4668-BE54-9A1E7A4F7556}") = "AOCUtils", "AOCUtils\AOCUtils.csproj", "{1C36F36C-62D9-4478-8577-F4D4AA6B194E}"
EndProject
Project("{9A19103F-16F7-4668-BE54-9A1E7A4F7556}") = "AOC2022", "AOC2022\AOC2022.csproj", "{51FDFBDD-60A6-4258-A28F-D0124311405D}"
EndProject
Project("{9A19103F-16F7-4668-BE54-9A1E7A4F7556}") = "AOTC2024", "AOTC2024\AOTC2024.csproj", "{B19BC23E-9FEC-4BFA-95C2-07F9F3C73781}"
EndProject
Project("{FAE04EC0-301F-11D3-BF4B-00C04F79EFBC}") = "AOTC2025", "AOTC2025\AOTC2025.csproj", "{DD15F3FC-9BB8-49F9-8F1E-5E8A6417AB43}"
EndProject
Global
	GlobalSection(SolutionConfigurationPlatforms) = preSolution
		Debug|Any CPU = Debug|Any CPU
		Release|Any CPU = Release|Any CPU
	EndGlobalSection
	GlobalSection(ProjectConfigurationPlatforms) = postSolution
		{BDCCAD6E-8E5D-470F-B9B8-7B2CC98611F3}.Debug|Any CPU.ActiveCfg = Debug|Any CPU
		{BDCCAD6E-8E5D-470F-B9B8-7B2CC98611F3}.Debug|Any CPU.Build.0 = Debug|Any CPU
		{BDCCAD6E-8E5D-470F-B9B8-7B2CC98611F3}.Release|Any CPU.ActiveCfg = Release|Any CPU
		{BDCCAD6E-8E5D-470F-B9B8-7B2CC98611F3}.Release|Any CPU.Build.0 = Release|Any CPU
		{1C36F36C-62D9-4478-8577-F4D4AA6B194E}.Debug|Any CPU.ActiveCfg = Debug|Any CPU
		{1C36F36C-62D9-4478-8577-F4D4AA6B194E}.Debug|Any CPU.Build.0 = Debug|Any CPU
		{1C36F36C-62D9-4478-8577-F4D4AA6B194E}.Release|Any CPU.ActiveCfg = Release|Any CPU
		{1C36F36C-62D9-4478-8577-F4D4AA6B194E}.Release|Any CPU.Build.0 = Release|Any CPU
		{51FDFBDD-60A6-4258-A28F-D0124311405D}.Debug|Any CPU.ActiveCfg = Debug|Any CPU
		{51FDFBDD-60A6-4258-A28F-D0124311405D}.Debug|Any CPU.Build.0 = Debug|Any CPU
		{51FDFBDD-60A6-4258-A28F-D0124311405D}.Release|Any CPU.ActiveCfg = Release|Any CPU
		{51FDFBDD-60A6-4258-A28F-D0124311405D}.Release|Any CPU.Build.0 = Release|Any CPU
		{B19BC23E-9FEC-4BFA-95C2-07F9F3C73781}.Debug|Any CPU.ActiveCfg = Debug|Any CPU
		{B19BC23E-9FEC-4BFA-95C2-07F9F3C73781}.Debug|Any CPU.Build.0 = Debug|Any CPU
		{B19BC23E-9FEC-4BFA-95C2-07F9F3C73781}.Release|Any CPU.ActiveCfg = Release|Any CPU
		{B19BC23E-9FEC-4BFA-95C2-07F9F3C73781}.Release|Any CPU.Build.0 = Release|Any CPU
		{DD15F3FC-9BB8-49F9-8F1E-5E8A6417AB43}.Debug|Any CPU.ActiveCfg = Debug|Any CPU
		{DD15F3FC-9BB8-49F9-8F1E-5E8A6417AB43}.Debug|Any CPU.Build.0 = Debug|Any CPU
		{DD15F3FC-9BB8-49F9-8F1E-5E8A6417AB43}.Release|Any CPU.ActiveCfg = Release|Any CPU
		{DD15F3FC-9BB8-49F9-8F1E-5E8A6417AB43}.Release|Any CPU.Build.0 = Release|Any CPU
	EndGlobalSection
	GlobalSection(SolutionProperties) = preSolution
		HideSolutionNode = FALSE
	EndGlobalSection
	GlobalSection(ExtensibilityGlobals) = postSolution
		SolutionGuid = {F089D530-88CF-4594-9A47-D9AC4CE8B93A}
	EndGlobalSection
EndGlobal
